
Microsoft Visual Studio Solution File, Format Version 12.00
# Visual Studio Version 17
VisualStudioVersion = 17.1.32328.378
MinimumVisualStudioVersion = 10.0.40219.1
Project("{FAE04EC0-301F-11D3-BF4B-00C04F79EFBC}") = "DepositoCuevas", "DepositoCuevas.csproj", "{34058FC9-094C-4EB6-BEEA-C5BF05932201}"
EndProject
Project("{FAE04EC0-301F-11D3-BF4B-00C04F79EFBC}") = "DepositoClassLibrary", "..\DepositoClassLibrary\DepositoClassLibrary.csproj", "{57948947-2E47-4050-A390-314490EFCADA}"
EndProject
Project("{FAE04EC0-301F-11D3-BF4B-00C04F79EFBC}") = "DepositoServicesLibrary", "..\DepositoServicesLibrary\DepositoServicesLibrary.csproj", "{62B511B6-CD7D-4C26-AD2D-956C6FB7C5BF}"
EndProject
Project("{FAE04EC0-301F-11D3-BF4B-00C04F79EFBC}") = "Testing", "..\Testing\Testing.csproj", "{06920067-1047-4218-A8CF-D18F48A1CB2B}"
EndProject
Global
	GlobalSection(SolutionConfigurationPlatforms) = preSolution
		Debug|Any CPU = Debug|Any CPU
		Release|Any CPU = Release|Any CPU
	EndGlobalSection
	GlobalSection(ProjectConfigurationPlatforms) = postSolution
		{34058FC9-094C-4EB6-BEEA-C5BF05932201}.Debug|Any CPU.ActiveCfg = Debug|Any CPU
		{34058FC9-094C-4EB6-BEEA-C5BF05932201}.Debug|Any CPU.Build.0 = Debug|Any CPU
		{34058FC9-094C-4EB6-BEEA-C5BF05932201}.Release|Any CPU.ActiveCfg = Release|Any CPU
		{34058FC9-094C-4EB6-BEEA-C5BF05932201}.Release|Any CPU.Build.0 = Release|Any CPU
		{57948947-2E47-4050-A390-314490EFCADA}.Debug|Any CPU.ActiveCfg = Debug|Any CPU
		{57948947-2E47-4050-A390-314490EFCADA}.Debug|Any CPU.Build.0 = Debug|Any CPU
		{57948947-2E47-4050-A390-314490EFCADA}.Release|Any CPU.ActiveCfg = Release|Any CPU
		{57948947-2E47-4050-A390-314490EFCADA}.Release|Any CPU.Build.0 = Release|Any CPU
		{62B511B6-CD7D-4C26-AD2D-956C6FB7C5BF}.Debug|Any CPU.ActiveCfg = Debug|Any CPU
		{62B511B6-CD7D-4C26-AD2D-956C6FB7C5BF}.Debug|Any CPU.Build.0 = Debug|Any CPU
		{62B511B6-CD7D-4C26-AD2D-956C6FB7C5BF}.Release|Any CPU.ActiveCfg = Release|Any CPU
		{62B511B6-CD7D-4C26-AD2D-956C6FB7C5BF}.Release|Any CPU.Build.0 = Release|Any CPU
		{06920067-1047-4218-A8CF-D18F48A1CB2B}.Debug|Any CPU.ActiveCfg = Debug|Any CPU
		{06920067-1047-4218-A8CF-D18F48A1CB2B}.Debug|Any CPU.Build.0 = Debug|Any CPU
		{06920067-1047-4218-A8CF-D18F48A1CB2B}.Release|Any CPU.ActiveCfg = Release|Any CPU
		{06920067-1047-4218-A8CF-D18F48A1CB2B}.Release|Any CPU.Build.0 = Release|Any CPU
	EndGlobalSection
	GlobalSection(SolutionProperties) = preSolution
		HideSolutionNode = FALSE
	EndGlobalSection
	GlobalSection(ExtensibilityGlobals) = postSolution
		SolutionGuid = {53169CC8-83F2-4D49-A96E-664A2BFCE677}
	EndGlobalSection
EndGlobal
